
Microsoft Visual Studio Solution File, Format Version 12.00
# Visual Studio 15
VisualStudioVersion = 15.0.26730.15
MinimumVisualStudioVersion = 10.0.40219.1
Project("{FAE04EC0-301F-11D3-BF4B-00C04F79EFBC}") = "InterfaceNameClash", "InterfaceNameClash\InterfaceNameClash.csproj", "{5AB34BC8-8B89-4229-90A2-44748D5B327C}"
EndProject
Global
	GlobalSection(SolutionConfigurationPlatforms) = preSolution
		Debug|Any CPU = Debug|Any CPU
		Release|Any CPU = Release|Any CPU
	EndGlobalSection
	GlobalSection(ProjectConfigurationPlatforms) = postSolution
		{5AB34BC8-8B89-4229-90A2-44748D5B327C}.Debug|Any CPU.ActiveCfg = Debug|Any CPU
		{5AB34BC8-8B89-4229-90A2-44748D5B327C}.Debug|Any CPU.Build.0 = Debug|Any CPU
		{5AB34BC8-8B89-4229-90A2-44748D5B327C}.Release|Any CPU.ActiveCfg = Release|Any CPU
		{5AB34BC8-8B89-4229-90A2-44748D5B327C}.Release|Any CPU.Build.0 = Release|Any CPU
	EndGlobalSection
	GlobalSection(SolutionProperties) = preSolution
		HideSolutionNode = FALSE
	EndGlobalSection
	GlobalSection(ExtensibilityGlobals) = postSolution
		SolutionGuid = {C8ED210D-5FFC-46A1-A58E-416958E735D4}
	EndGlobalSection
EndGlobal
